<?xml version="1.0" encoding="utf-8"?>
<Project ToolsVersion="17.0" xmlns="http://schemas.microsoft.com/developer/msbuild/2003">
  <ItemGroup>
    <ClInclude Include="C:\Users\Borges\AppData\Local\Programs\CRYENGINE Launcher\Engines\crytek\cryengine-57-lts\5.7.1\Code\CryEngine\CryCommon\CryCore\Platform\platform.h">
      <Filter>Header Files</Filter>
    </ClInclude>
  </ItemGroup>
  <ItemGroup>
    <CustomBuild Include="C:\Users\Borges\Documents\CRYENGINE Projects\CryAdventure\Code\CMakeLists.txt" />
  </ItemGroup>
  <ItemGroup>
    <Filter Include="Header Files">
      <UniqueIdentifier>{9F9CE094-C238-3950-80C8-77DADD77D2E5}</UniqueIdentifier>
    </Filter>
  </ItemGroup>
</Project>
