<?xml version="1.0" encoding="utf-8"?>
<Project ToolsVersion="17.0" xmlns="http://schemas.microsoft.com/developer/msbuild/2003">
  <ItemGroup>
    <CustomBuild Include="C:\Users\Borges\Documents\CRYENGINE Projects\CryAdventure\solutions\win64\CMakeFiles\50684997f14a7133584380318ed96be4\INSTALL_force.rule">
      <Filter>CMake Rules</Filter>
    </CustomBuild>
  </ItemGroup>
  <ItemGroup>
    <Filter Include="CMake Rules">
      <UniqueIdentifier>{54C474D7-976F-3899-BC95-B02DB500A591}</UniqueIdentifier>
    </Filter>
  </ItemGroup>
</Project>
